{
  "name": "miniflare-kv-slash",
  "lockfileVersion": 2,
  "requires": true,
  "packages": {
    "": {
      "name": "miniflare-kv-slash",
      "license": "MIT",
      "dependencies": {
        "miniflare": "^2.0.0"
      }
    },
    "node_modules/@iarna/toml": {
      "version": "2.2.5",
      "license": "ISC"
    },
    "node_modules/@miniflare/cache": {
      "version": "2.2.0",
      "license": "MIT",
      "dependencies": {
        "@miniflare/core": "2.2.0",
        "@miniflare/shared": "2.2.0",
        "http-cache-semantics": "^4.1.0",
        "undici": "4.12.1"
      },
      "engines": {
        "node": ">=16.7"
      }
    },
    "node_modules/@miniflare/cli-parser": {
      "version": "2.2.0",
      "license": "MIT",
      "dependencies": {
        "@miniflare/shared": "2.2.0",
        "kleur": "^4.1.4"
      },
      "engines": {
        "node": ">=16.7"
      }
    },
    "node_modules/@miniflare/core": {
      "version": "2.2.0",
      "license": "MIT",
      "dependencies": {
        "@iarna/toml": "^2.2.5",
        "@miniflare/shared": "2.2.0",
        "@miniflare/watcher": "2.2.0",
        "busboy": "^0.3.1",
        "dotenv": "^10.0.0",
        "kleur": "^4.1.4",
        "set-cookie-parser": "^2.4.8",
        "undici": "4.12.1"
      },
      "engines": {
        "node": ">=16.7"
      }
    },
    "node_modules/@miniflare/durable-objects": {
      "version": "2.2.0",
      "license": "MIT",
      "dependencies": {
        "@miniflare/core": "2.2.0",
        "@miniflare/shared": "2.2.0",
        "@miniflare/storage-memory": "2.2.0",
        "undici": "4.12.1"
      },
      "engines": {
        "node": ">=16.7"
      }
    },
    "node_modules/@miniflare/html-rewriter": {
      "version": "2.2.0",
      "license": "MIT",
      "dependencies": {
        "@miniflare/core": "2.2.0",
        "@miniflare/shared": "2.2.0",
        "html-rewriter-wasm": "^0.4.0",
        "undici": "4.12.1"
      },
      "engines": {
        "node": ">=16.7"
      }
    },
    "node_modules/@miniflare/http-server": {
      "version": "2.2.0",
      "license": "MIT",
      "dependencies": {
        "@miniflare/core": "2.2.0",
        "@miniflare/shared": "2.2.0",
        "@miniflare/web-sockets": "2.2.0",
        "kleur": "^4.1.4",
        "selfsigned": "^2.0.0",
        "undici": "4.12.1",
        "ws": "^8.2.2",
        "youch": "^2.2.2"
      },
      "engines": {
        "node": ">=16.7"
      }
    },
    "node_modules/@miniflare/kv": {
      "version": "2.2.0",
      "license": "MIT",
      "dependencies": {
        "@miniflare/shared": "2.2.0"
      },
      "engines": {
        "node": ">=16.7"
      }
    },
    "node_modules/@miniflare/runner-vm": {
      "version": "2.2.0",
      "license": "MIT",
      "dependencies": {
        "@miniflare/shared": "2.2.0"
      },
      "engines": {
        "node": ">=16.7"
      }
    },
    "node_modules/@miniflare/scheduler": {
      "version": "2.2.0",
      "license": "MIT",
      "dependencies": {
        "@miniflare/core": "2.2.0",
        "@miniflare/shared": "2.2.0",
        "cron-schedule": "^3.0.4"
      },
      "engines": {
        "node": ">=16.7"
      }
    },
    "node_modules/@miniflare/shared": {
      "version": "2.2.0",
      "license": "MIT",
      "dependencies": {
        "ignore": "^5.1.8",
        "kleur": "^4.1.4"
      },
      "engines": {
        "node": ">=16.7"
      }
    },
    "node_modules/@miniflare/sites": {
      "version": "2.2.0",
      "license": "MIT",
      "dependencies": {
        "@miniflare/kv": "2.2.0",
        "@miniflare/shared": "2.2.0",
        "@miniflare/storage-file": "2.2.0"
      },
      "engines": {
        "node": ">=16.7"
      }
    },
    "node_modules/@miniflare/storage-file": {
      "version": "2.2.0",
      "license": "MIT",
      "dependencies": {
        "@miniflare/shared": "2.2.0",
        "@miniflare/storage-memory": "2.2.0"
      },
      "engines": {
        "node": ">=16.7"
      }
    },
    "node_modules/@miniflare/storage-memory": {
      "version": "2.2.0",
      "license": "MIT",
      "dependencies": {
        "@miniflare/shared": "2.2.0"
      },
      "engines": {
        "node": ">=16.7"
      }
    },
    "node_modules/@miniflare/watcher": {
      "version": "2.2.0",
      "license": "MIT",
      "dependencies": {
        "@miniflare/shared": "2.2.0"
      },
      "engines": {
        "node": ">=16.7"
      }
    },
    "node_modules/@miniflare/web-sockets": {
      "version": "2.2.0",
      "license": "MIT",
      "dependencies": {
        "@miniflare/core": "2.2.0",
        "@miniflare/shared": "2.2.0",
        "undici": "4.12.1",
        "ws": "^8.2.2"
      },
      "engines": {
        "node": ">=16.7"
      }
    },
    "node_modules/@types/stack-trace": {
      "version": "0.0.29",
      "license": "MIT"
    },
    "node_modules/buffer-from": {
      "version": "1.1.2",
      "license": "MIT"
    },
    "node_modules/busboy": {
      "version": "0.3.1",
      "dependencies": {
        "dicer": "0.3.0"
      },
      "engines": {
        "node": ">=4.5.0"
      }
    },
    "node_modules/cookie": {
      "version": "0.4.1",
      "license": "MIT",
      "engines": {
        "node": ">= 0.6"
      }
    },
    "node_modules/cron-schedule": {
      "version": "3.0.4",
      "license": "MIT"
    },
    "node_modules/dicer": {
      "version": "0.3.0",
      "dependencies": {
        "streamsearch": "0.1.2"
      },
      "engines": {
        "node": ">=4.5.0"
      }
    },
    "node_modules/dotenv": {
      "version": "10.0.0",
      "license": "BSD-2-Clause",
      "engines": {
        "node": ">=10"
      }
    },
    "node_modules/html-rewriter-wasm": {
      "version": "0.4.0",
      "license": "BSD-3-Clause"
    },
    "node_modules/http-cache-semantics": {
      "version": "4.1.0",
      "license": "BSD-2-Clause"
    },
    "node_modules/ignore": {
      "version": "5.2.0",
      "license": "MIT",
      "engines": {
        "node": ">= 4"
      }
    },
    "node_modules/kleur": {
      "version": "4.1.4",
      "license": "MIT",
      "engines": {
        "node": ">=6"
      }
    },
    "node_modules/miniflare": {
      "version": "2.2.0",
      "license": "MIT",
      "dependencies": {
        "@miniflare/cache": "2.2.0",
        "@miniflare/cli-parser": "2.2.0",
        "@miniflare/core": "2.2.0",
        "@miniflare/durable-objects": "2.2.0",
        "@miniflare/html-rewriter": "2.2.0",
        "@miniflare/http-server": "2.2.0",
        "@miniflare/kv": "2.2.0",
        "@miniflare/runner-vm": "2.2.0",
        "@miniflare/scheduler": "2.2.0",
        "@miniflare/shared": "2.2.0",
        "@miniflare/sites": "2.2.0",
        "@miniflare/storage-file": "2.2.0",
        "@miniflare/storage-memory": "2.2.0",
        "@miniflare/web-sockets": "2.2.0",
        "kleur": "^4.1.4",
        "semiver": "^1.1.0",
        "source-map-support": "^0.5.20",
        "undici": "4.12.1"
      },
      "bin": {
        "miniflare": "bootstrap.js"
      },
      "engines": {
        "node": ">=16.7"
      },
      "peerDependencies": {
        "@miniflare/storage-redis": "2.2.0",
        "cron-schedule": "^3.0.4",
        "ioredis": "^4.27.9"
      },
      "peerDependenciesMeta": {
        "@miniflare/storage-redis": {
          "optional": true
        },
        "cron-schedule": {
          "optional": true
        },
        "ioredis": {
          "optional": true
        }
      }
    },
    "node_modules/mustache": {
      "version": "4.2.0",
      "license": "MIT",
      "bin": {
        "mustache": "bin/mustache"
      }
    },
    "node_modules/node-forge": {
      "version": "1.2.1",
      "license": "(BSD-3-Clause OR GPL-2.0)",
      "engines": {
        "node": ">= 6.13.0"
      }
    },
    "node_modules/selfsigned": {
      "version": "2.0.0",
      "license": "MIT",
      "dependencies": {
        "node-forge": "^1.2.0"
      },
      "engines": {
        "node": ">=10"
      }
    },
    "node_modules/semiver": {
      "version": "1.1.0",
      "license": "MIT",
      "engines": {
        "node": ">=6"
      }
    },
    "node_modules/set-cookie-parser": {
      "version": "2.4.8",
      "license": "MIT"
    },
    "node_modules/source-map": {
      "version": "0.6.1",
      "license": "BSD-3-Clause",
      "engines": {
        "node": ">=0.10.0"
      }
    },
    "node_modules/source-map-support": {
      "version": "0.5.21",
      "license": "MIT",
      "dependencies": {
        "buffer-from": "^1.0.0",
        "source-map": "^0.6.0"
      }
    },
    "node_modules/stack-trace": {
      "version": "0.0.10",
      "license": "MIT",
      "engines": {
        "node": "*"
      }
    },
    "node_modules/streamsearch": {
      "version": "0.1.2",
      "engines": {
        "node": ">=0.8.0"
      }
    },
    "node_modules/undici": {
      "version": "4.12.1",
      "license": "MIT",
      "engines": {
        "node": ">=12.18"
      }
    },
    "node_modules/ws": {
      "version": "8.4.2",
      "license": "MIT",
      "engines": {
        "node": ">=10.0.0"
      },
      "peerDependencies": {
        "bufferutil": "^4.0.1",
        "utf-8-validate": "^5.0.2"
      },
      "peerDependenciesMeta": {
        "bufferutil": {
          "optional": true
        },
        "utf-8-validate": {
          "optional": true
        }
      }
    },
    "node_modules/youch": {
      "version": "2.2.2",
      "license": "MIT",
      "dependencies": {
        "@types/stack-trace": "0.0.29",
        "cookie": "^0.4.1",
        "mustache": "^4.2.0",
        "stack-trace": "0.0.10"
      }
    }
  },
  "dependencies": {
    "@iarna/toml": {
      "version": "2.2.5"
    },
    "@miniflare/cache": {
      "version": "2.2.0",
      "requires": {
        "@miniflare/core": "2.2.0",
        "@miniflare/shared": "2.2.0",
        "http-cache-semantics": "^4.1.0",
        "undici": "4.12.1"
      }
    },
    "@miniflare/cli-parser": {
      "version": "2.2.0",
      "requires": {
        "@miniflare/shared": "2.2.0",
        "kleur": "^4.1.4"
      }
    },
    "@miniflare/core": {
      "version": "2.2.0",
      "requires": {
        "@iarna/toml": "^2.2.5",
        "@miniflare/shared": "2.2.0",
        "@miniflare/watcher": "2.2.0",
        "busboy": "^0.3.1",
        "dotenv": "^10.0.0",
        "kleur": "^4.1.4",
        "set-cookie-parser": "^2.4.8",
        "undici": "4.12.1"
      }
    },
    "@miniflare/durable-objects": {
      "version": "2.2.0",
      "requires": {
        "@miniflare/core": "2.2.0",
        "@miniflare/shared": "2.2.0",
        "@miniflare/storage-memory": "2.2.0",
        "undici": "4.12.1"
      }
    },
    "@miniflare/html-rewriter": {
      "version": "2.2.0",
      "requires": {
        "@miniflare/core": "2.2.0",
        "@miniflare/shared": "2.2.0",
        "html-rewriter-wasm": "^0.4.0",
        "undici": "4.12.1"
      }
    },
    "@miniflare/http-server": {
      "version": "2.2.0",
      "requires": {
        "@miniflare/core": "2.2.0",
        "@miniflare/shared": "2.2.0",
        "@miniflare/web-sockets": "2.2.0",
        "kleur": "^4.1.4",
        "selfsigned": "^2.0.0",
        "undici": "4.12.1",
        "ws": "^8.2.2",
        "youch": "^2.2.2"
      }
    },
    "@miniflare/kv": {
      "version": "2.2.0",
      "requires": {
        "@miniflare/shared": "2.2.0"
      }
    },
    "@miniflare/runner-vm": {
      "version": "2.2.0",
      "requires": {
        "@miniflare/shared": "2.2.0"
      }
    },
    "@miniflare/scheduler": {
      "version": "2.2.0",
      "requires": {
        "@miniflare/core": "2.2.0",
        "@miniflare/shared": "2.2.0",
        "cron-schedule": "^3.0.4"
      }
    },
    "@miniflare/shared": {
      "version": "2.2.0",
      "requires": {
        "ignore": "^5.1.8",
        "kleur": "^4.1.4"
      }
    },
    "@miniflare/sites": {
      "version": "2.2.0",
      "requires": {
        "@miniflare/kv": "2.2.0",
        "@miniflare/shared": "2.2.0",
        "@miniflare/storage-file": "2.2.0"
      }
    },
    "@miniflare/storage-file": {
      "version": "2.2.0",
      "requires": {
        "@miniflare/shared": "2.2.0",
        "@miniflare/storage-memory": "2.2.0"
      }
    },
    "@miniflare/storage-memory": {
      "version": "2.2.0",
      "requires": {
        "@miniflare/shared": "2.2.0"
      }
    },
    "@miniflare/watcher": {
      "version": "2.2.0",
      "requires": {
        "@miniflare/shared": "2.2.0"
      }
    },
    "@miniflare/web-sockets": {
      "version": "2.2.0",
      "requires": {
        "@miniflare/core": "2.2.0",
        "@miniflare/shared": "2.2.0",
        "undici": "4.12.1",
        "ws": "^8.2.2"
      }
    },
    "@types/stack-trace": {
      "version": "0.0.29"
    },
    "buffer-from": {
      "version": "1.1.2"
    },
    "busboy": {
      "version": "0.3.1",
      "requires": {
        "dicer": "0.3.0"
      }
    },
    "cookie": {
      "version": "0.4.1"
    },
    "cron-schedule": {
      "version": "3.0.4"
    },
    "dicer": {
      "version": "0.3.0",
      "requires": {
        "streamsearch": "0.1.2"
      }
    },
    "dotenv": {
      "version": "10.0.0"
    },
    "html-rewriter-wasm": {
      "version": "0.4.0"
    },
    "http-cache-semantics": {
      "version": "4.1.0"
    },
    "ignore": {
      "version": "5.2.0"
    },
    "kleur": {
      "version": "4.1.4"
    },
    "miniflare": {
      "version": "2.2.0",
      "requires": {
        "@miniflare/cache": "2.2.0",
        "@miniflare/cli-parser": "2.2.0",
        "@miniflare/core": "2.2.0",
        "@miniflare/durable-objects": "2.2.0",
        "@miniflare/html-rewriter": "2.2.0",
        "@miniflare/http-server": "2.2.0",
        "@miniflare/kv": "2.2.0",
        "@miniflare/runner-vm": "2.2.0",
        "@miniflare/scheduler": "2.2.0",
        "@miniflare/shared": "2.2.0",
        "@miniflare/sites": "2.2.0",
        "@miniflare/storage-file": "2.2.0",
        "@miniflare/storage-memory": "2.2.0",
        "@miniflare/web-sockets": "2.2.0",
        "kleur": "^4.1.4",
        "semiver": "^1.1.0",
        "source-map-support": "^0.5.20",
        "undici": "4.12.1"
      }
    },
    "mustache": {
      "version": "4.2.0"
    },
    "node-forge": {
      "version": "1.2.1"
    },
    "selfsigned": {
      "version": "2.0.0",
      "requires": {
        "node-forge": "^1.2.0"
      }
    },
    "semiver": {
      "version": "1.1.0"
    },
    "set-cookie-parser": {
      "version": "2.4.8"
    },
    "source-map": {
      "version": "0.6.1"
    },
    "source-map-support": {
      "version": "0.5.21",
      "requires": {
        "buffer-from": "^1.0.0",
        "source-map": "^0.6.0"
      }
    },
    "stack-trace": {
      "version": "0.0.10"
    },
    "streamsearch": {
      "version": "0.1.2"
    },
    "undici": {
      "version": "4.12.1"
    },
    "ws": {
      "version": "8.4.2",
      "requires": {}
    },
    "youch": {
      "version": "2.2.2",
      "requires": {
        "@types/stack-trace": "0.0.29",
        "cookie": "^0.4.1",
        "mustache": "^4.2.0",
        "stack-trace": "0.0.10"
      }
    }
  }
}
